// !$*UTF8*$!
{
	archiveVersion = 1;
	classes = {
	};
	objectVersion = 42;
	objects = {

/* Begin PBXAggregateTarget section */
		225FF28B0AE301E600466C53 /* Stamps Archive */ = {
			isa = PBXAggregateTarget;
			buildConfigurationList = 225FF28C0AE3020500466C53 /* Build configuration list for PBXAggregateTarget "Stamps Archive" */;
			buildPhases = (
				225FF28A0AE301E600466C53 /* ShellScript */,
			);
			dependencies = (
			);
			name = "Stamps Archive";
			productName = "Stamps Archive";
		};
/* End PBXAggregateTarget section */

/* Begin PBXAppleScriptBuildPhase section */
		257572C4072881A4000BE9CA /* AppleScript */ = {
			isa = PBXAppleScriptBuildPhase;
			buildActionMask = 2147483647;
			contextName = "";
			files = (
				225FECCB0AE2FEC400466C53 /* Installer.applescript in AppleScript */,
			);
			isSharedContext = 0;
			runOnlyForDeploymentPostprocessing = 0;
		};
/* End PBXAppleScriptBuildPhase section */

/* Begin PBXBuildFile section */
		225FECCB0AE2FEC400466C53 /* Installer.applescript in AppleScript */ = {isa = PBXBuildFile; fileRef = 225FECC80AE2FEC400466C53 /* Installer.applescript */; settings = {ATTRIBUTES = (Debug, ); }; };
		225FECCC0AE2FEC400466C53 /* Read Me.rtf in Resources */ = {isa = PBXBuildFile; fileRef = 225FECC90AE2FEC400466C53 /* Read Me.rtf */; };
		225FECCD0AE2FEC400466C53 /* Read Me.txt in Resources */ = {isa = PBXBuildFile; fileRef = 225FECCA0AE2FEC400466C53 /* Read Me.txt */; };
		225FF2850AE2FF4200466C53 /* tuxpaint-stamps.tar.gz in Resources */ = {isa = PBXBuildFile; fileRef = 225FF2840AE2FF4200466C53 /* tuxpaint-stamps.tar.gz */; };
		225FF2880AE2FF6700466C53 /* tuxpaint.icns in Resources */ = {isa = PBXBuildFile; fileRef = 225FF2860AE2FF6700466C53 /* tuxpaint.icns */; };
		225FF2890AE2FF6700466C53 /* tuxpaint.png in Resources */ = {isa = PBXBuildFile; fileRef = 225FF2870AE2FF6700466C53 /* tuxpaint.png */; };
		257572C7072881A4000BE9CA /* MainMenu.nib in Resources */ = {isa = PBXBuildFile; fileRef = 29B97318FDCFA39411CA2CEA /* MainMenu.nib */; };
		257572C8072881A4000BE9CA /* InfoPlist.strings in Resources */ = {isa = PBXBuildFile; fileRef = 089C165CFE840E0CC02AAC07 /* InfoPlist.strings */; };
		257572CA072881A4000BE9CA /* main.m in Sources */ = {isa = PBXBuildFile; fileRef = 29B97316FDCFA39411CA2CEA /* main.m */; settings = {ATTRIBUTES = (); }; };
		257572CC072881A4000BE9CA /* Cocoa.framework in Frameworks */ = {isa = PBXBuildFile; fileRef = 1058C7A1FEA54F0111CA2CBB /* Cocoa.framework */; };
		257572CD072881A4000BE9CA /* AppleScriptKit.framework in Frameworks */ = {isa = PBXBuildFile; fileRef = DA206CF1015C4E2903C91932 /* AppleScriptKit.framework */; };
/* End PBXBuildFile section */

/* Begin PBXContainerItemProxy section */
		228AFFA90C150E5600BF07A8 /* PBXContainerItemProxy */ = {
			isa = PBXContainerItemProxy;
			containerPortal = 29B97313FDCFA39411CA2CEA /* Project object */;
			proxyType = 1;
			remoteGlobalIDString = 225FF28B0AE301E600466C53;
			remoteInfo = "Stamps Archive";
		};
/* End PBXContainerItemProxy section */

/* Begin PBXFileReference section */
		089C165DFE840E0CC02AAC07 /* English */ = {isa = PBXFileReference; fileEncoding = 10; lastKnownFileType = text.plist.strings; name = English; path = English.lproj/InfoPlist.strings; sourceTree = "<group>"; };
		1058C7A1FEA54F0111CA2CBB /* Cocoa.framework */ = {isa = PBXFileReference; lastKnownFileType = wrapper.framework; name = Cocoa.framework; path = /System/Library/Frameworks/Cocoa.framework; sourceTree = "<absolute>"; };
		225FECC80AE2FEC400466C53 /* Installer.applescript */ = {isa = PBXFileReference; fileEncoding = 30; lastKnownFileType = sourcecode.applescript; path = Installer.applescript; sourceTree = "<group>"; };
		225FECC90AE2FEC400466C53 /* Read Me.rtf */ = {isa = PBXFileReference; lastKnownFileType = text.rtf; path = "Read Me.rtf"; sourceTree = SOURCE_ROOT; };
		225FECCA0AE2FEC400466C53 /* Read Me.txt */ = {isa = PBXFileReference; fileEncoding = 30; lastKnownFileType = text; path = "Read Me.txt"; sourceTree = SOURCE_ROOT; };
		225FECCE0AE2FEF000466C53 /* stamps */ = {isa = PBXFileReference; lastKnownFileType = folder; name = stamps; path = ../stamps; sourceTree = SOURCE_ROOT; };
		225FF2840AE2FF4200466C53 /* tuxpaint-stamps.tar.gz */ = {isa = PBXFileReference; lastKnownFileType = archive.gzip; path = "tuxpaint-stamps.tar.gz"; sourceTree = SOURCE_ROOT; };
		225FF2860AE2FF6700466C53 /* tuxpaint.icns */ = {isa = PBXFileReference; lastKnownFileType = image.icns; path = tuxpaint.icns; sourceTree = SOURCE_ROOT; };
		225FF2870AE2FF6700466C53 /* tuxpaint.png */ = {isa = PBXFileReference; lastKnownFileType = image.png; path = tuxpaint.png; sourceTree = SOURCE_ROOT; };
		257572D5072881A4000BE9CA /* Info.plist */ = {isa = PBXFileReference; lastKnownFileType = text.plist.xml; path = Info.plist; sourceTree = "<group>"; };
		257572D6072881A4000BE9CA /* Tux Paint Stamps Installer.app */ = {isa = PBXFileReference; explicitFileType = wrapper.application; includeInIndex = 0; path = "Tux Paint Stamps Installer.app"; sourceTree = BUILT_PRODUCTS_DIR; };
		29B97316FDCFA39411CA2CEA /* main.m */ = {isa = PBXFileReference; fileEncoding = 30; lastKnownFileType = sourcecode.c.objc; path = main.m; sourceTree = "<group>"; };
		29B97319FDCFA39411CA2CEA /* English */ = {isa = PBXFileReference; lastKnownFileType = wrapper.nib; name = English; path = English.lproj/MainMenu.nib; sourceTree = "<group>"; };
		29B97324FDCFA39411CA2CEA /* AppKit.framework */ = {isa = PBXFileReference; lastKnownFileType = wrapper.framework; name = AppKit.framework; path = /System/Library/Frameworks/AppKit.framework; sourceTree = "<absolute>"; };
		29B97325FDCFA39411CA2CEA /* Foundation.framework */ = {isa = PBXFileReference; lastKnownFileType = wrapper.framework; name = Foundation.framework; path = /System/Library/Frameworks/Foundation.framework; sourceTree = "<absolute>"; };
		65359356078DD41800E8BB2F /* AppleScriptKit.sdef */ = {isa = PBXFileReference; fileEncoding = 30; lastKnownFileType = text.sdef; name = AppleScriptKit.sdef; path = /System/Library/Frameworks/AppleScriptKit.framework/Versions/A/Resources/AppleScriptKit.sdef; sourceTree = "<absolute>"; };
		DA206CF1015C4E2903C91932 /* AppleScriptKit.framework */ = {isa = PBXFileReference; lastKnownFileType = wrapper.framework; name = AppleScriptKit.framework; path = /System/Library/Frameworks/AppleScriptKit.framework; sourceTree = "<absolute>"; };
/* End PBXFileReference section */

/* Begin PBXFrameworksBuildPhase section */
		257572CB072881A4000BE9CA /* Frameworks */ = {
			isa = PBXFrameworksBuildPhase;
			buildActionMask = 2147483647;
			files = (
				257572CC072881A4000BE9CA /* Cocoa.framework in Frameworks */,
				257572CD072881A4000BE9CA /* AppleScriptKit.framework in Frameworks */,
			);
			runOnlyForDeploymentPostprocessing = 0;
		};
/* End PBXFrameworksBuildPhase section */

/* Begin PBXGroup section */
		080E96DDFE201D6D7F000001 /* Scripts */ = {
			isa = PBXGroup;
			children = (
				225FECC80AE2FEC400466C53 /* Installer.applescript */,
			);
			name = Scripts;
			sourceTree = "<group>";
		};
		1058C7A0FEA54F0111CA2CBB /* Linked Frameworks */ = {
			isa = PBXGroup;
			children = (
				1058C7A1FEA54F0111CA2CBB /* Cocoa.framework */,
				DA206CF1015C4E2903C91932 /* AppleScriptKit.framework */,
			);
			name = "Linked Frameworks";
			sourceTree = "<group>";
		};
		1058C7A2FEA54F0111CA2CBB /* Other Frameworks */ = {
			isa = PBXGroup;
			children = (
				29B97325FDCFA39411CA2CEA /* Foundation.framework */,
				29B97324FDCFA39411CA2CEA /* AppKit.framework */,
			);
			name = "Other Frameworks";
			sourceTree = "<group>";
		};
		19C28FACFE9D520D11CA2CBB /* Products */ = {
			isa = PBXGroup;
			children = (
				257572D6072881A4000BE9CA /* Tux Paint Stamps Installer.app */,
			);
			name = Products;
			sourceTree = "<group>";
		};
		29B97314FDCFA39411CA2CEA /* TuxPaint Stamps Installer */ = {
			isa = PBXGroup;
			children = (
				225FECC90AE2FEC400466C53 /* Read Me.rtf */,
				225FECCA0AE2FEC400466C53 /* Read Me.txt */,
				080E96DDFE201D6D7F000001 /* Scripts */,
				29B97317FDCFA39411CA2CEA /* Resources */,
				29B97315FDCFA39411CA2CEA /* Other Sources */,
				29B97323FDCFA39411CA2CEA /* Frameworks */,
				19C28FACFE9D520D11CA2CBB /* Products */,
				257572D5072881A4000BE9CA /* Info.plist */,
			);
			name = "TuxPaint Stamps Installer";
			sourceTree = "<group>";
		};
		29B97315FDCFA39411CA2CEA /* Other Sources */ = {
			isa = PBXGroup;
			children = (
				29B97316FDCFA39411CA2CEA /* main.m */,
			);
			name = "Other Sources";
			sourceTree = "<group>";
		};
		29B97317FDCFA39411CA2CEA /* Resources */ = {
			isa = PBXGroup;
			children = (
				225FF2860AE2FF6700466C53 /* tuxpaint.icns */,
				225FF2870AE2FF6700466C53 /* tuxpaint.png */,
				225FF2840AE2FF4200466C53 /* tuxpaint-stamps.tar.gz */,
				225FECCE0AE2FEF000466C53 /* stamps */,
				29B97318FDCFA39411CA2CEA /* MainMenu.nib */,
				089C165CFE840E0CC02AAC07 /* InfoPlist.strings */,
				65359356078DD41800E8BB2F /* AppleScriptKit.sdef */,
			);
			name = Resources;
			sourceTree = "<group>";
		};
		29B97323FDCFA39411CA2CEA /* Frameworks */ = {
			isa = PBXGroup;
			children = (
				1058C7A0FEA54F0111CA2CBB /* Linked Frameworks */,
				1058C7A2FEA54F0111CA2CBB /* Other Frameworks */,
			);
			name = Frameworks;
			sourceTree = "<group>";
		};
/* End PBXGroup section */

/* Begin PBXHeadersBuildPhase section */
		257572C3072881A4000BE9CA /* Headers */ = {
			isa = PBXHeadersBuildPhase;
			buildActionMask = 2147483647;
			files = (
			);
			runOnlyForDeploymentPostprocessing = 0;
		};
/* End PBXHeadersBuildPhase section */

/* Begin PBXNativeTarget section */
		257572C2072881A4000BE9CA /* Tux Paint Stamps Installer */ = {
			isa = PBXNativeTarget;
			buildConfigurationList = 4E71A80508A2C90C0034BBD9 /* Build configuration list for PBXNativeTarget "Tux Paint Stamps Installer" */;
			buildPhases = (
				257572C3072881A4000BE9CA /* Headers */,
				257572C4072881A4000BE9CA /* AppleScript */,
				257572C6072881A4000BE9CA /* Resources */,
				257572C9072881A4000BE9CA /* Sources */,
				257572CB072881A4000BE9CA /* Frameworks */,
			);
			buildRules = (
			);
			dependencies = (
				228AFFAA0C150E5600BF07A8 /* PBXTargetDependency */,
			);
			name = "Tux Paint Stamps Installer";
			productInstallPath = "$(HOME)/Applications";
			productName = "TuxPaint Stamps Installer";
			productReference = 257572D6072881A4000BE9CA /* Tux Paint Stamps Installer.app */;
			productType = "com.apple.product-type.application";
		};
/* End PBXNativeTarget section */

/* Begin PBXProject section */
		29B97313FDCFA39411CA2CEA /* Project object */ = {
			isa = PBXProject;
			attributes = {
			};
			buildConfigurationList = 4E71A80908A2C90C0034BBD9 /* Build configuration list for PBXProject "TuxPaint Stamps Installer" */;
			compatibilityVersion = "Xcode 2.4";
			developmentRegion = en;
			hasScannedForEncodings = 1;
			knownRegions = (
				en,
			);
			mainGroup = 29B97314FDCFA39411CA2CEA /* TuxPaint Stamps Installer */;
			projectDirPath = "";
			projectRoot = "";
			targets = (
				257572C2072881A4000BE9CA /* Tux Paint Stamps Installer */,
				225FF28B0AE301E600466C53 /* Stamps Archive */,
			);
		};
/* End PBXProject section */

/* Begin PBXResourcesBuildPhase section */
		257572C6072881A4000BE9CA /* Resources */ = {
			isa = PBXResourcesBuildPhase;
			buildActionMask = 2147483647;
			files = (
				257572C7072881A4000BE9CA /* MainMenu.nib in Resources */,
				257572C8072881A4000BE9CA /* InfoPlist.strings in Resources */,
				225FECCC0AE2FEC400466C53 /* Read Me.rtf in Resources */,
				225FECCD0AE2FEC400466C53 /* Read Me.txt in Resources */,
				225FF2850AE2FF4200466C53 /* tuxpaint-stamps.tar.gz in Resources */,
				225FF2880AE2FF6700466C53 /* tuxpaint.icns in Resources */,
				225FF2890AE2FF6700466C53 /* tuxpaint.png in Resources */,
			);
			runOnlyForDeploymentPostprocessing = 0;
		};
/* End PBXResourcesBuildPhase section */

/* Begin PBXShellScriptBuildPhase section */
		225FF28A0AE301E600466C53 /* ShellScript */ = {
			isa = PBXShellScriptBuildPhase;
			buildActionMask = 2147483647;
			files = (
			);
			inputPaths = (
			);
			outputPaths = (
				"tuxpaint-stamps.tar.gz",
			);
			runOnlyForDeploymentPostprocessing = 0;
			shellPath = /bin/sh;
			shellScript = "# shell script goes here\nfind ../stamps -name \"*.png\" | sed 's/.png/.svg/g' | xargs ls -1 2> /dev/null | sed 's:.svg:.png:g' | sed 's:\\.\\./::g' > pngexcludelist.txt\ntar czv --file tuxpaint-stamps.tar.gz --exclude=\"*/CVS*\" -X pngexcludelist.txt --directory .. stamps\nrm pngexcludelist.txt\nexit 0";
		};
/* End PBXShellScriptBuildPhase section */

/* Begin PBXSourcesBuildPhase section */
		257572C9072881A4000BE9CA /* Sources */ = {
			isa = PBXSourcesBuildPhase;
			buildActionMask = 2147483647;
			files = (
				257572CA072881A4000BE9CA /* main.m in Sources */,
			);
			runOnlyForDeploymentPostprocessing = 0;
		};
/* End PBXSourcesBuildPhase section */

/* Begin PBXTargetDependency section */
		228AFFAA0C150E5600BF07A8 /* PBXTargetDependency */ = {
			isa = PBXTargetDependency;
			target = 225FF28B0AE301E600466C53 /* Stamps Archive */;
			targetProxy = 228AFFA90C150E5600BF07A8 /* PBXContainerItemProxy */;
		};
/* End PBXTargetDependency section */

/* Begin PBXVariantGroup section */
		089C165CFE840E0CC02AAC07 /* InfoPlist.strings */ = {
			isa = PBXVariantGroup;
			children = (
				089C165DFE840E0CC02AAC07 /* English */,
			);
			name = InfoPlist.strings;
			sourceTree = "<group>";
		};
		29B97318FDCFA39411CA2CEA /* MainMenu.nib */ = {
			isa = PBXVariantGroup;
			children = (
				29B97319FDCFA39411CA2CEA /* English */,
			);
			name = MainMenu.nib;
			sourceTree = "<group>";
		};
/* End PBXVariantGroup section */

/* Begin XCBuildConfiguration section */
		225FF28D0AE3020500466C53 /* Debug */ = {
			isa = XCBuildConfiguration;
			buildSettings = {
				COPY_PHASE_STRIP = NO;
				GCC_DYNAMIC_NO_PIC = NO;
				GCC_GENERATE_DEBUGGING_SYMBOLS = YES;
				GCC_OPTIMIZATION_LEVEL = 0;
				PRODUCT_NAME = "Stamps Archive";
			};
			name = Debug;
		};
		225FF28E0AE3020500466C53 /* Release */ = {
			isa = XCBuildConfiguration;
			buildSettings = {
				COPY_PHASE_STRIP = YES;
				GCC_ENABLE_FIX_AND_CONTINUE = NO;
				GCC_GENERATE_DEBUGGING_SYMBOLS = NO;
				PRODUCT_NAME = "Stamps Archive";
				ZERO_LINK = NO;
			};
			name = Release;
		};
		4E71A80608A2C90C0034BBD9 /* Debug */ = {
			isa = XCBuildConfiguration;
			buildSettings = {
				COPY_PHASE_STRIP = NO;
				GCC_DYNAMIC_NO_PIC = NO;
				GCC_ENABLE_FIX_AND_CONTINUE = YES;
				GCC_MODEL_TUNING = G5;
				GCC_OPTIMIZATION_LEVEL = 0;
				INFOPLIST_FILE = Info.plist;
				INSTALL_PATH = "$(HOME)/Applications";
				MACOSX_DEPLOYMENT_TARGET = 10.6;
				PRODUCT_NAME = "Tux Paint Stamps Installer";
				SDKROOT = macosx;
				WRAPPER_EXTENSION = app;
				ZERO_LINK = YES;
			};
			name = Debug;
		};
		4E71A80708A2C90C0034BBD9 /* Release */ = {
			isa = XCBuildConfiguration;
			buildSettings = {
				ARCHS = "$(ARCHS_STANDARD_32_64_BIT)";
				GCC_GENERATE_DEBUGGING_SYMBOLS = NO;
				GCC_MODEL_TUNING = G5;
				INFOPLIST_FILE = Info.plist;
				INSTALL_PATH = "$(HOME)/Applications";
				MACOSX_DEPLOYMENT_TARGET = 10.6;
				OTHER_OSAFLAGS = "-x";
				PRODUCT_NAME = "Tux Paint Stamps Installer";
				SDKROOT = macosx;
				WRAPPER_EXTENSION = app;
			};
			name = Release;
		};
		4E71A80A08A2C90C0034BBD9 /* Debug */ = {
			isa = XCBuildConfiguration;
			buildSettings = {
				ARCHS = "$(ARCHS_STANDARD_32_64_BIT)";
				GCC_WARN_ABOUT_RETURN_TYPE = YES;
				GCC_WARN_UNUSED_VARIABLE = YES;
				MACOSX_DEPLOYMENT_TARGET = 10.6;
				PREBINDING = NO;
				SDKROOT = /Developer/SDKs/MacOSX10.4u.sdk;
			};
			name = Debug;
		};
		4E71A80B08A2C90C0034BBD9 /* Release */ = {
			isa = XCBuildConfiguration;
			buildSettings = {
				ARCHS = "$(ARCHS_STANDARD_32_64_BIT)";
				GCC_WARN_ABOUT_RETURN_TYPE = YES;
				GCC_WARN_UNUSED_VARIABLE = YES;
				MACOSX_DEPLOYMENT_TARGET = 10.6;
				PREBINDING = NO;
				SDKROOT = /Developer/SDKs/MacOSX10.4u.sdk;
			};
			name = Release;
		};
/* End XCBuildConfiguration section */

/* Begin XCConfigurationList section */
		225FF28C0AE3020500466C53 /* Build configuration list for PBXAggregateTarget "Stamps Archive" */ = {
			isa = XCConfigurationList;
			buildConfigurations = (
				225FF28D0AE3020500466C53 /* Debug */,
				225FF28E0AE3020500466C53 /* Release */,
			);
			defaultConfigurationIsVisible = 0;
			defaultConfigurationName = Release;
		};
		4E71A80508A2C90C0034BBD9 /* Build configuration list for PBXNativeTarget "Tux Paint Stamps Installer" */ = {
			isa = XCConfigurationList;
			buildConfigurations = (
				4E71A80608A2C90C0034BBD9 /* Debug */,
				4E71A80708A2C90C0034BBD9 /* Release */,
			);
			defaultConfigurationIsVisible = 0;
			defaultConfigurationName = Release;
		};
		4E71A80908A2C90C0034BBD9 /* Build configuration list for PBXProject "TuxPaint Stamps Installer" */ = {
			isa = XCConfigurationList;
			buildConfigurations = (
				4E71A80A08A2C90C0034BBD9 /* Debug */,
				4E71A80B08A2C90C0034BBD9 /* Release */,
			);
			defaultConfigurationIsVisible = 0;
			defaultConfigurationName = Release;
		};
/* End XCConfigurationList section */
	};
	rootObject = 29B97313FDCFA39411CA2CEA /* Project object */;
}
